
Microsoft Visual Studio Solution File, Format Version 12.00
# Visual Studio Version 17
VisualStudioVersion = 17.8.34525.116
MinimumVisualStudioVersion = 10.0.40219.1
Project("{FAE04EC0-301F-11D3-BF4B-00C04F79EFBC}") = "Action_Filter", "Action_Filter\Action_Filter.csproj", "{50DC6CD2-F8D3-4DCB-AC60-B1D62DD7421E}"
EndProject
Global
	GlobalSection(SolutionConfigurationPlatforms) = preSolution
		Debug|Any CPU = Debug|Any CPU
		Release|Any CPU = Release|Any CPU
	EndGlobalSection
	GlobalSection(ProjectConfigurationPlatforms) = postSolution
		{50DC6CD2-F8D3-4DCB-AC60-B1D62DD7421E}.Debug|Any CPU.ActiveCfg = Debug|Any CPU
		{50DC6CD2-F8D3-4DCB-AC60-B1D62DD7421E}.Debug|Any CPU.Build.0 = Debug|Any CPU
		{50DC6CD2-F8D3-4DCB-AC60-B1D62DD7421E}.Release|Any CPU.ActiveCfg = Release|Any CPU
		{50DC6CD2-F8D3-4DCB-AC60-B1D62DD7421E}.Release|Any CPU.Build.0 = Release|Any CPU
	EndGlobalSection
	GlobalSection(SolutionProperties) = preSolution
		HideSolutionNode = FALSE
	EndGlobalSection
	GlobalSection(ExtensibilityGlobals) = postSolution
		SolutionGuid = {376F627F-6C18-44C7-9CEC-2D700B18380B}
	EndGlobalSection
EndGlobal
